
Microsoft Visual Studio Solution File, Format Version 12.00
# Visual Studio Version 17
VisualStudioVersion = 17.8.34330.188
MinimumVisualStudioVersion = 10.0.40219.1
Project("{FAE04EC0-301F-11D3-BF4B-00C04F79EFBC}") = "holiday", "holiday\holiday.csproj", "{3673ABF0-EAC6-4630-8FC0-2039DFF59EFF}"
EndProject
Global
	GlobalSection(SolutionConfigurationPlatforms) = preSolution
		Debug|Any CPU = Debug|Any CPU
		Release|Any CPU = Release|Any CPU
	EndGlobalSection
	GlobalSection(ProjectConfigurationPlatforms) = postSolution
		{3673ABF0-EAC6-4630-8FC0-2039DFF59EFF}.Debug|Any CPU.ActiveCfg = Debug|Any CPU
		{3673ABF0-EAC6-4630-8FC0-2039DFF59EFF}.Debug|Any CPU.Build.0 = Debug|Any CPU
		{3673ABF0-EAC6-4630-8FC0-2039DFF59EFF}.Release|Any CPU.ActiveCfg = Release|Any CPU
		{3673ABF0-EAC6-4630-8FC0-2039DFF59EFF}.Release|Any CPU.Build.0 = Release|Any CPU
	EndGlobalSection
	GlobalSection(SolutionProperties) = preSolution
		HideSolutionNode = FALSE
	EndGlobalSection
	GlobalSection(ExtensibilityGlobals) = postSolution
		SolutionGuid = {0ED866F1-8858-4EEE-9216-3D2C0A9376DF}
	EndGlobalSection
EndGlobal
